
Microsoft Visual Studio Solution File, Format Version 12.00
# Visual Studio Version 17
VisualStudioVersion = 17.14.36518.9 d17.14
MinimumVisualStudioVersion = 10.0.40219.1
Project("{FAE04EC0-301F-11D3-BF4B-00C04F79EFBC}") = "FleetMaster.ConsoleUI", "FleetMaster.ConsoleUI\FleetMaster.ConsoleUI.csproj", "{3A880991-30C8-4052-8594-05F617A358CA}"
EndProject
Project("{FAE04EC0-301F-11D3-BF4B-00C04F79EFBC}") = "FleetMaster.Core", "FleetMaster.Core\FleetMaster.Core.csproj", "{C5CA279C-DFF4-400E-A1DC-0DBC9E73D136}"
EndProject
Project("{FAE04EC0-301F-11D3-BF4B-00C04F79EFBC}") = "FleetMaster.Infrastructure", "FleetMaster.Infrastructure\FleetMaster.Infrastructure.csproj", "{26935063-12A5-4CC2-8AEE-BA76047BFF36}"
EndProject
Project("{FAE04EC0-301F-11D3-BF4B-00C04F79EFBC}") = "FleetMaster.BusinessLogic", "FleetMaster.BusinessLogic\FleetMaster.BusinessLogic.csproj", "{52273BDF-439C-4B22-9EE5-2EA2A65899E3}"
EndProject
Project("{FAE04EC0-301F-11D3-BF4B-00C04F79EFBC}") = "FleetMaster.Tests", "FleetMaster.Tests\FleetMaster.Tests.csproj", "{9775928D-3E5C-46D1-BC90-F1788825EDF7}"
EndProject
Project("{2150E333-8FDC-42A3-9474-1A3956D46DE8}") = "Элементы решения", "Элементы решения", "{754FC069-D67B-A9D7-50A1-8D1CA196D8F1}"
	ProjectSection(SolutionItems) = preProject
		README.md = README.md
	EndProjectSection
EndProject
Global
	GlobalSection(SolutionConfigurationPlatforms) = preSolution
		Debug|Any CPU = Debug|Any CPU
		Release|Any CPU = Release|Any CPU
	EndGlobalSection
	GlobalSection(ProjectConfigurationPlatforms) = postSolution
		{3A880991-30C8-4052-8594-05F617A358CA}.Debug|Any CPU.ActiveCfg = Debug|Any CPU
		{3A880991-30C8-4052-8594-05F617A358CA}.Debug|Any CPU.Build.0 = Debug|Any CPU
		{3A880991-30C8-4052-8594-05F617A358CA}.Release|Any CPU.ActiveCfg = Release|Any CPU
		{3A880991-30C8-4052-8594-05F617A358CA}.Release|Any CPU.Build.0 = Release|Any CPU
		{C5CA279C-DFF4-400E-A1DC-0DBC9E73D136}.Debug|Any CPU.ActiveCfg = Debug|Any CPU
		{C5CA279C-DFF4-400E-A1DC-0DBC9E73D136}.Debug|Any CPU.Build.0 = Debug|Any CPU
		{C5CA279C-DFF4-400E-A1DC-0DBC9E73D136}.Release|Any CPU.ActiveCfg = Release|Any CPU
		{C5CA279C-DFF4-400E-A1DC-0DBC9E73D136}.Release|Any CPU.Build.0 = Release|Any CPU
		{26935063-12A5-4CC2-8AEE-BA76047BFF36}.Debug|Any CPU.ActiveCfg = Debug|Any CPU
		{26935063-12A5-4CC2-8AEE-BA76047BFF36}.Debug|Any CPU.Build.0 = Debug|Any CPU
		{26935063-12A5-4CC2-8AEE-BA76047BFF36}.Release|Any CPU.ActiveCfg = Release|Any CPU
		{26935063-12A5-4CC2-8AEE-BA76047BFF36}.Release|Any CPU.Build.0 = Release|Any CPU
		{52273BDF-439C-4B22-9EE5-2EA2A65899E3}.Debug|Any CPU.ActiveCfg = Debug|Any CPU
		{52273BDF-439C-4B22-9EE5-2EA2A65899E3}.Debug|Any CPU.Build.0 = Debug|Any CPU
		{52273BDF-439C-4B22-9EE5-2EA2A65899E3}.Release|Any CPU.ActiveCfg = Release|Any CPU
		{52273BDF-439C-4B22-9EE5-2EA2A65899E3}.Release|Any CPU.Build.0 = Release|Any CPU
		{9775928D-3E5C-46D1-BC90-F1788825EDF7}.Debug|Any CPU.ActiveCfg = Debug|Any CPU
		{9775928D-3E5C-46D1-BC90-F1788825EDF7}.Debug|Any CPU.Build.0 = Debug|Any CPU
		{9775928D-3E5C-46D1-BC90-F1788825EDF7}.Release|Any CPU.ActiveCfg = Release|Any CPU
		{9775928D-3E5C-46D1-BC90-F1788825EDF7}.Release|Any CPU.Build.0 = Release|Any CPU
	EndGlobalSection
	GlobalSection(SolutionProperties) = preSolution
		HideSolutionNode = FALSE
	EndGlobalSection
	GlobalSection(ExtensibilityGlobals) = postSolution
		SolutionGuid = {A4C9A652-5CD0-4A44-AA02-E20CDFC055F9}
	EndGlobalSection
EndGlobal
